
Microsoft Visual Studio Solution File, Format Version 12.00
# Visual Studio Version 17
VisualStudioVersion = 17.0.31903.59
MinimumVisualStudioVersion = 10.0.40219.1
Project("{FAE04EC0-301F-11D3-BF4B-00C04F79EFBC}") = "Observers", "Observers\Observers.csproj", "{DFBF39D1-DE55-4AC4-BD70-B015D2844B57}"
EndProject
Project("{FAE04EC0-301F-11D3-BF4B-00C04F79EFBC}") = "Delegates", "Delegates\Delegates.csproj", "{D477A297-0125-4782-A91C-2257F29F2781}"
EndProject
Global
	GlobalSection(SolutionConfigurationPlatforms) = preSolution
		Debug|Any CPU = Debug|Any CPU
		Release|Any CPU = Release|Any CPU
	EndGlobalSection
	GlobalSection(SolutionProperties) = preSolution
		HideSolutionNode = FALSE
	EndGlobalSection
	GlobalSection(ProjectConfigurationPlatforms) = postSolution
		{DFBF39D1-DE55-4AC4-BD70-B015D2844B57}.Debug|Any CPU.ActiveCfg = Debug|Any CPU
		{DFBF39D1-DE55-4AC4-BD70-B015D2844B57}.Debug|Any CPU.Build.0 = Debug|Any CPU
		{DFBF39D1-DE55-4AC4-BD70-B015D2844B57}.Release|Any CPU.ActiveCfg = Release|Any CPU
		{DFBF39D1-DE55-4AC4-BD70-B015D2844B57}.Release|Any CPU.Build.0 = Release|Any CPU
		{D477A297-0125-4782-A91C-2257F29F2781}.Debug|Any CPU.ActiveCfg = Debug|Any CPU
		{D477A297-0125-4782-A91C-2257F29F2781}.Debug|Any CPU.Build.0 = Debug|Any CPU
		{D477A297-0125-4782-A91C-2257F29F2781}.Release|Any CPU.ActiveCfg = Release|Any CPU
		{D477A297-0125-4782-A91C-2257F29F2781}.Release|Any CPU.Build.0 = Release|Any CPU
	EndGlobalSection
EndGlobal
